
Microsoft Visual Studio Solution File, Format Version 12.00
# Visual Studio Version 16
VisualStudioVersion = 25.0.1706.4
MinimumVisualStudioVersion = 10.0.40219.1
Project("{FAE04EC0-301F-11D3-BF4B-00C04F79EFBC}") = "1CRM", "selenium-ps\1CRM.csproj", "{6088DF4D-B75D-4FE5-A344-FB077120B041}"
EndProject
Global
	GlobalSection(SolutionConfigurationPlatforms) = preSolution
		Debug|Any CPU = Debug|Any CPU
		Release|Any CPU = Release|Any CPU
	EndGlobalSection
	GlobalSection(ProjectConfigurationPlatforms) = postSolution
		{6088DF4D-B75D-4FE5-A344-FB077120B041}.Debug|Any CPU.ActiveCfg = Debug|Any CPU
		{6088DF4D-B75D-4FE5-A344-FB077120B041}.Debug|Any CPU.Build.0 = Debug|Any CPU
		{6088DF4D-B75D-4FE5-A344-FB077120B041}.Release|Any CPU.ActiveCfg = Release|Any CPU
		{6088DF4D-B75D-4FE5-A344-FB077120B041}.Release|Any CPU.Build.0 = Release|Any CPU
	EndGlobalSection
	GlobalSection(SolutionProperties) = preSolution
		HideSolutionNode = FALSE
	EndGlobalSection
	GlobalSection(ExtensibilityGlobals) = postSolution
		SolutionGuid = {7B949B65-3354-4E87-B963-F1F22C9ACE91}
	EndGlobalSection
EndGlobal
